
Microsoft Visual Studio Solution File, Format Version 12.00
# Visual Studio 15
Project("{FAE04EC0-301F-11D3-BF4B-00C04F79EFBC}") = "Assembly-CSharp", "Assembly-CSharp.csproj", "{5503870E-9B62-A44B-4142-B1A5E79D0B7A}"
EndProject
Project("{FAE04EC0-301F-11D3-BF4B-00C04F79EFBC}") = "com.unity.sample.dedicated-server.shared", "com.unity.sample.dedicated-server.shared.csproj", "{1BF4157D-A850-1BB1-3E98-A799DE2DF0F6}"
EndProject
Project("{FAE04EC0-301F-11D3-BF4B-00C04F79EFBC}") = "Assembly-CSharp-Editor", "Assembly-CSharp-Editor.csproj", "{8B7B643C-ED24-4FFF-976E-7A1C5A6B1E79}"
EndProject
Global
	GlobalSection(SolutionConfigurationPlatforms) = preSolution
		Debug|Any CPU = Debug|Any CPU
		Release|Any CPU = Release|Any CPU
	EndGlobalSection
	GlobalSection(ProjectConfigurationPlatforms) = postSolution
		{5503870E-9B62-A44B-4142-B1A5E79D0B7A}.Debug|Any CPU.ActiveCfg = Debug|Any CPU
		{5503870E-9B62-A44B-4142-B1A5E79D0B7A}.Debug|Any CPU.Build.0 = Debug|Any CPU
		{5503870E-9B62-A44B-4142-B1A5E79D0B7A}.Release|Any CPU.ActiveCfg = Release|Any CPU
		{5503870E-9B62-A44B-4142-B1A5E79D0B7A}.Release|Any CPU.Build.0 = Release|Any CPU
		{1BF4157D-A850-1BB1-3E98-A799DE2DF0F6}.Debug|Any CPU.ActiveCfg = Debug|Any CPU
		{1BF4157D-A850-1BB1-3E98-A799DE2DF0F6}.Debug|Any CPU.Build.0 = Debug|Any CPU
		{1BF4157D-A850-1BB1-3E98-A799DE2DF0F6}.Release|Any CPU.ActiveCfg = Release|Any CPU
		{1BF4157D-A850-1BB1-3E98-A799DE2DF0F6}.Release|Any CPU.Build.0 = Release|Any CPU
		{8B7B643C-ED24-4FFF-976E-7A1C5A6B1E79}.Debug|Any CPU.ActiveCfg = Debug|Any CPU
		{8B7B643C-ED24-4FFF-976E-7A1C5A6B1E79}.Debug|Any CPU.Build.0 = Debug|Any CPU
		{8B7B643C-ED24-4FFF-976E-7A1C5A6B1E79}.Release|Any CPU.ActiveCfg = Release|Any CPU
		{8B7B643C-ED24-4FFF-976E-7A1C5A6B1E79}.Release|Any CPU.Build.0 = Release|Any CPU
	EndGlobalSection
	GlobalSection(SolutionProperties) = preSolution
		HideSolutionNode = FALSE
	EndGlobalSection
EndGlobal
